
Microsoft Visual Studio Solution File, Format Version 12.00
# Visual Studio Version 17
VisualStudioVersion = 17.0.32014.148
MinimumVisualStudioVersion = 10.0.40219.1
Project("{9A19103F-16F7-4668-BE54-9A1E7A4F7556}") = "Anime-Site-WebApp", "ASPNET-WebApp\Anime-Site-WebApp.csproj", "{9C7DBAE3-6EBF-4868-99A1-636D7C4DF685}"
EndProject
Project("{9A19103F-16F7-4668-BE54-9A1E7A4F7556}") = "Anime-Site-WebApp.Core", "ASPNET-WebApp.Core\Anime-Site-WebApp.Core.csproj", "{C2498DAA-D955-4CC8-A842-84DE44C0F0CA}"
EndProject
Project("{9A19103F-16F7-4668-BE54-9A1E7A4F7556}") = "Anime-Site-WebApp.Infrastructure", "ASPNET-WebApp.Infrastructure\Anime-Site-WebApp.Infrastructure.csproj", "{B91A4747-C477-4E6D-87DA-E11C0C9AA146}"
EndProject
Project("{9A19103F-16F7-4668-BE54-9A1E7A4F7556}") = "Anime-Site-WebApp.API", "ASPNET-WebApp.API\Anime-Site-WebApp.API.csproj", "{805FB36B-C8D9-438F-A0FE-75C95E08F0CC}"
EndProject
Project("{FAE04EC0-301F-11D3-BF4B-00C04F79EFBC}") = "Anime-Site-WebApp-Tests", "Anime-Site-WebApp-Tests\Anime-Site-WebApp-Tests.csproj", "{D901442F-6F74-4019-9BA0-FB4114D6FB90}"
EndProject
Global
	GlobalSection(SolutionConfigurationPlatforms) = preSolution
		Debug|Any CPU = Debug|Any CPU
		Release|Any CPU = Release|Any CPU
	EndGlobalSection
	GlobalSection(ProjectConfigurationPlatforms) = postSolution
		{9C7DBAE3-6EBF-4868-99A1-636D7C4DF685}.Debug|Any CPU.ActiveCfg = Debug|Any CPU
		{9C7DBAE3-6EBF-4868-99A1-636D7C4DF685}.Debug|Any CPU.Build.0 = Debug|Any CPU
		{9C7DBAE3-6EBF-4868-99A1-636D7C4DF685}.Release|Any CPU.ActiveCfg = Release|Any CPU
		{9C7DBAE3-6EBF-4868-99A1-636D7C4DF685}.Release|Any CPU.Build.0 = Release|Any CPU
		{C2498DAA-D955-4CC8-A842-84DE44C0F0CA}.Debug|Any CPU.ActiveCfg = Debug|Any CPU
		{C2498DAA-D955-4CC8-A842-84DE44C0F0CA}.Debug|Any CPU.Build.0 = Debug|Any CPU
		{C2498DAA-D955-4CC8-A842-84DE44C0F0CA}.Release|Any CPU.ActiveCfg = Release|Any CPU
		{C2498DAA-D955-4CC8-A842-84DE44C0F0CA}.Release|Any CPU.Build.0 = Release|Any CPU
		{B91A4747-C477-4E6D-87DA-E11C0C9AA146}.Debug|Any CPU.ActiveCfg = Debug|Any CPU
		{B91A4747-C477-4E6D-87DA-E11C0C9AA146}.Debug|Any CPU.Build.0 = Debug|Any CPU
		{B91A4747-C477-4E6D-87DA-E11C0C9AA146}.Release|Any CPU.ActiveCfg = Release|Any CPU
		{B91A4747-C477-4E6D-87DA-E11C0C9AA146}.Release|Any CPU.Build.0 = Release|Any CPU
		{805FB36B-C8D9-438F-A0FE-75C95E08F0CC}.Debug|Any CPU.ActiveCfg = Debug|Any CPU
		{805FB36B-C8D9-438F-A0FE-75C95E08F0CC}.Debug|Any CPU.Build.0 = Debug|Any CPU
		{805FB36B-C8D9-438F-A0FE-75C95E08F0CC}.Release|Any CPU.ActiveCfg = Release|Any CPU
		{805FB36B-C8D9-438F-A0FE-75C95E08F0CC}.Release|Any CPU.Build.0 = Release|Any CPU
		{D901442F-6F74-4019-9BA0-FB4114D6FB90}.Debug|Any CPU.ActiveCfg = Debug|Any CPU
		{D901442F-6F74-4019-9BA0-FB4114D6FB90}.Debug|Any CPU.Build.0 = Debug|Any CPU
		{D901442F-6F74-4019-9BA0-FB4114D6FB90}.Release|Any CPU.ActiveCfg = Release|Any CPU
		{D901442F-6F74-4019-9BA0-FB4114D6FB90}.Release|Any CPU.Build.0 = Release|Any CPU
	EndGlobalSection
	GlobalSection(SolutionProperties) = preSolution
		HideSolutionNode = FALSE
	EndGlobalSection
	GlobalSection(ExtensibilityGlobals) = postSolution
		SolutionGuid = {82D1D79B-94A6-4FE1-B6C6-90837C688747}
	EndGlobalSection
EndGlobal
