
Microsoft Visual Studio Solution File, Format Version 12.00
# Visual Studio Version 17
VisualStudioVersion = 17.0.32014.148
MinimumVisualStudioVersion = 10.0.40219.1
Project("{FAE04EC0-301F-11D3-BF4B-00C04F79EFBC}") = "ASPNET-WebApp", "ASPNET-WebApp\ASPNET-WebApp.csproj", "{9C7DBAE3-6EBF-4868-99A1-636D7C4DF685}"
EndProject
Global
	GlobalSection(SolutionConfigurationPlatforms) = preSolution
		Debug|Any CPU = Debug|Any CPU
		Release|Any CPU = Release|Any CPU
	EndGlobalSection
	GlobalSection(ProjectConfigurationPlatforms) = postSolution
		{9C7DBAE3-6EBF-4868-99A1-636D7C4DF685}.Debug|Any CPU.ActiveCfg = Debug|Any CPU
		{9C7DBAE3-6EBF-4868-99A1-636D7C4DF685}.Debug|Any CPU.Build.0 = Debug|Any CPU
		{9C7DBAE3-6EBF-4868-99A1-636D7C4DF685}.Release|Any CPU.ActiveCfg = Release|Any CPU
		{9C7DBAE3-6EBF-4868-99A1-636D7C4DF685}.Release|Any CPU.Build.0 = Release|Any CPU
	EndGlobalSection
	GlobalSection(SolutionProperties) = preSolution
		HideSolutionNode = FALSE
	EndGlobalSection
	GlobalSection(ExtensibilityGlobals) = postSolution
		SolutionGuid = {82D1D79B-94A6-4FE1-B6C6-90837C688747}
	EndGlobalSection
EndGlobal
